
Microsoft Visual Studio Solution File, Format Version 12.00
# Visual Studio 15
VisualStudioVersion = 15.0.27703.2026
MinimumVisualStudioVersion = 10.0.40219.1
Project("{FAE04EC0-301F-11D3-BF4B-00C04F79EFBC}") = "TypeMergerCore", "TypeMergerCore\TypeMergerCore.csproj", "{CD79AB32-DB97-4D31-ADF3-D8DA78B39A7C}"
EndProject
Project("{FAE04EC0-301F-11D3-BF4B-00C04F79EFBC}") = "TypeMergerCore.Tests", "TypeMergerCore.Tests\TypeMergerCore.Tests.csproj", "{713F7559-807B-41E2-B32B-E4A090830069}"
EndProject
Global
	GlobalSection(SolutionConfigurationPlatforms) = preSolution
		Debug|Any CPU = Debug|Any CPU
		Release|Any CPU = Release|Any CPU
	EndGlobalSection
	GlobalSection(ProjectConfigurationPlatforms) = postSolution
		{CD79AB32-DB97-4D31-ADF3-D8DA78B39A7C}.Debug|Any CPU.ActiveCfg = Debug|Any CPU
		{CD79AB32-DB97-4D31-ADF3-D8DA78B39A7C}.Debug|Any CPU.Build.0 = Debug|Any CPU
		{CD79AB32-DB97-4D31-ADF3-D8DA78B39A7C}.Release|Any CPU.ActiveCfg = Release|Any CPU
		{CD79AB32-DB97-4D31-ADF3-D8DA78B39A7C}.Release|Any CPU.Build.0 = Release|Any CPU
		{713F7559-807B-41E2-B32B-E4A090830069}.Debug|Any CPU.ActiveCfg = Debug|Any CPU
		{713F7559-807B-41E2-B32B-E4A090830069}.Debug|Any CPU.Build.0 = Debug|Any CPU
		{713F7559-807B-41E2-B32B-E4A090830069}.Release|Any CPU.ActiveCfg = Release|Any CPU
		{713F7559-807B-41E2-B32B-E4A090830069}.Release|Any CPU.Build.0 = Release|Any CPU
	EndGlobalSection
	GlobalSection(SolutionProperties) = preSolution
		HideSolutionNode = FALSE
	EndGlobalSection
	GlobalSection(ExtensibilityGlobals) = postSolution
		SolutionGuid = {856EB96C-A269-41B4-929D-F7ABE74BCF4A}
	EndGlobalSection
EndGlobal
